
Microsoft Visual Studio Solution File, Format Version 12.00
# Visual Studio Version 16
VisualStudioVersion = 16.0.29403.142
MinimumVisualStudioVersion = 10.0.40219.1
Project("{FAE04EC0-301F-11D3-BF4B-00C04F79EFBC}") = "proekt_v_viknah", "proekt_v_viknah\proekt_v_viknah.csproj", "{A60DFEE6-245C-4A95-9522-AF69117781FB}"
EndProject
Global
	GlobalSection(SolutionConfigurationPlatforms) = preSolution
		Debug|Any CPU = Debug|Any CPU
		Release|Any CPU = Release|Any CPU
	EndGlobalSection
	GlobalSection(ProjectConfigurationPlatforms) = postSolution
		{A60DFEE6-245C-4A95-9522-AF69117781FB}.Debug|Any CPU.ActiveCfg = Debug|Any CPU
		{A60DFEE6-245C-4A95-9522-AF69117781FB}.Debug|Any CPU.Build.0 = Debug|Any CPU
		{A60DFEE6-245C-4A95-9522-AF69117781FB}.Release|Any CPU.ActiveCfg = Release|Any CPU
		{A60DFEE6-245C-4A95-9522-AF69117781FB}.Release|Any CPU.Build.0 = Release|Any CPU
	EndGlobalSection
	GlobalSection(SolutionProperties) = preSolution
		HideSolutionNode = FALSE
	EndGlobalSection
	GlobalSection(ExtensibilityGlobals) = postSolution
		SolutionGuid = {D2C31A08-82C0-4258-94F8-2DD230B3345D}
	EndGlobalSection
EndGlobal
